
Microsoft Visual Studio Solution File, Format Version 12.00
# Visual Studio Version 16
VisualStudioVersion = 16.0.31321.278
MinimumVisualStudioVersion = 10.0.40219.1
Project("{FAE04EC0-301F-11D3-BF4B-00C04F79EFBC}") = "BemmTikTokv3", "BemmTikTokv3\BemmTikTokv3.csproj", "{B2D24AA9-4699-4C85-A2BC-9B9641BEAB43}"
EndProject
Global
	GlobalSection(SolutionConfigurationPlatforms) = preSolution
		Debug|Any CPU = Debug|Any CPU
		Release|Any CPU = Release|Any CPU
	EndGlobalSection
	GlobalSection(ProjectConfigurationPlatforms) = postSolution
		{B2D24AA9-4699-4C85-A2BC-9B9641BEAB43}.Debug|Any CPU.ActiveCfg = Debug|Any CPU
		{B2D24AA9-4699-4C85-A2BC-9B9641BEAB43}.Debug|Any CPU.Build.0 = Debug|Any CPU
		{B2D24AA9-4699-4C85-A2BC-9B9641BEAB43}.Release|Any CPU.ActiveCfg = Release|Any CPU
		{B2D24AA9-4699-4C85-A2BC-9B9641BEAB43}.Release|Any CPU.Build.0 = Release|Any CPU
	EndGlobalSection
	GlobalSection(SolutionProperties) = preSolution
		HideSolutionNode = FALSE
	EndGlobalSection
	GlobalSection(ExtensibilityGlobals) = postSolution
		SolutionGuid = {E5E7EEB7-151A-424D-8E6A-1F68BCD10F8D}
	EndGlobalSection
EndGlobal
